
Microsoft Visual Studio Solution File, Format Version 11.00
# Visual Studio 2010
Project("{FAE04EC0-301F-11D3-BF4B-00C04F79EFBC}") = "Sakana", "Assembly-CSharp.csproj", "{9D91C249-57DB-F784-D13F-E63E42C54D3A}"
EndProject
Project("{FAE04EC0-301F-11D3-BF4B-00C04F79EFBC}") = "Sakana", "Assembly-CSharp-Editor.csproj", "{5CBF33FF-7DF6-7A3C-1DD9-D26BFAE91B92}"
EndProject
Global
	GlobalSection(SolutionConfigurationPlatforms) = preSolution
		Debug|Any CPU = Debug|Any CPU
		Release|Any CPU = Release|Any CPU
	EndGlobalSection
	GlobalSection(ProjectConfigurationPlatforms) = postSolution
		{9D91C249-57DB-F784-D13F-E63E42C54D3A}.Debug|Any CPU.ActiveCfg = Debug|Any CPU
		{9D91C249-57DB-F784-D13F-E63E42C54D3A}.Debug|Any CPU.Build.0 = Debug|Any CPU
		{9D91C249-57DB-F784-D13F-E63E42C54D3A}.Release|Any CPU.ActiveCfg = Release|Any CPU
		{9D91C249-57DB-F784-D13F-E63E42C54D3A}.Release|Any CPU.Build.0 = Release|Any CPU
		{5CBF33FF-7DF6-7A3C-1DD9-D26BFAE91B92}.Debug|Any CPU.ActiveCfg = Debug|Any CPU
		{5CBF33FF-7DF6-7A3C-1DD9-D26BFAE91B92}.Debug|Any CPU.Build.0 = Debug|Any CPU
		{5CBF33FF-7DF6-7A3C-1DD9-D26BFAE91B92}.Release|Any CPU.ActiveCfg = Release|Any CPU
		{5CBF33FF-7DF6-7A3C-1DD9-D26BFAE91B92}.Release|Any CPU.Build.0 = Release|Any CPU
	EndGlobalSection
	GlobalSection(SolutionProperties) = preSolution
		HideSolutionNode = FALSE
	EndGlobalSection
	GlobalSection(MonoDevelopProperties) = preSolution
		StartupItem = Assembly-CSharp.csproj
	EndGlobalSection
EndGlobal
